
Microsoft Visual Studio Solution File, Format Version 12.00
# Visual Studio Version 17
VisualStudioVersion = 17.9.34607.119
MinimumVisualStudioVersion = 10.0.40219.1
Project("{2150E333-8FDC-42A3-9474-1A3956D46DE8}") = "Services", "Services", "{B444FF18-1B38-42D7-947D-53A14B7A616E}"
EndProject
Project("{2150E333-8FDC-42A3-9474-1A3956D46DE8}") = "Share", "Share", "{0FCAF1DA-6661-4633-A51A-4DC51970929E}"
EndProject
Project("{9A19103F-16F7-4668-BE54-9A1E7A4F7556}") = "IdentityServer4.EntityFramework", "Services\Share\IdentityServer4\IdentityServer4.EntityFramework\IdentityServer4.EntityFramework.csproj", "{B5EDB305-0DB7-41A9-87A4-E98EEFA20C2B}"
EndProject
Project("{9A19103F-16F7-4668-BE54-9A1E7A4F7556}") = "IdentityServer4.EntityFramework.Storage", "Services\Share\IdentityServer4\IdentityServer4.EntityFramework.Storage\IdentityServer4.EntityFramework.Storage.csproj", "{D57E7D5F-8582-4478-9A11-C7021F4B26AE}"
EndProject
Project("{2150E333-8FDC-42A3-9474-1A3956D46DE8}") = "IdentityServer4", "IdentityServer4", "{2EB7FC7A-FA4E-4E92-BA2B-E3BA4BE217E5}"
EndProject
Project("{9A19103F-16F7-4668-BE54-9A1E7A4F7556}") = "Share.WebApp", "Services\Share\Share.WebApp\Share.WebApp.csproj", "{13088627-45BF-4F44-80AB-7F0C288B3DED}"
EndProject
Project("{9A19103F-16F7-4668-BE54-9A1E7A4F7556}") = "Shared.Core", "Services\Share\Shared.Core\Shared.Core.csproj", "{3E1A8813-3E94-4125-B876-BFEDE1C01D07}"
EndProject
Project("{2150E333-8FDC-42A3-9474-1A3956D46DE8}") = "Server", "Server", "{81C7D3D9-A666-4A27-A7B5-1FB9FA5814A8}"
EndProject
Project("{9A19103F-16F7-4668-BE54-9A1E7A4F7556}") = "Server.Infrastructure", "Services\Server\Server.Infrastructure\Server.Infrastructure.csproj", "{4D87A78A-26F4-49EF-B136-2F8B9AAED50F}"
EndProject
Project("{9A19103F-16F7-4668-BE54-9A1E7A4F7556}") = "Server.API", "Services\Server\Server.API\Server.API.csproj", "{A1A03B29-88BC-44E2-815E-26E3FB9C9181}"
EndProject
Project("{9A19103F-16F7-4668-BE54-9A1E7A4F7556}") = "Server.Core", "Services\Server\Server.Core\Server.Core.csproj", "{C8DA179D-BB75-4A1F-991D-A08BB731EE09}"
EndProject
Project("{9A19103F-16F7-4668-BE54-9A1E7A4F7556}") = "Server.Application", "Services\Server\Server.Application\Server.Application.csproj", "{6C6F09A0-E288-4029-BC27-B31A3174B59B}"
EndProject
Project("{9A19103F-16F7-4668-BE54-9A1E7A4F7556}") = "EventBus.Messages", "Services\Share\EventBus.Messages\EventBus.Messages.csproj", "{9202EB42-F311-4834-B4E6-567EA9357B70}"
EndProject
Project("{9A19103F-16F7-4668-BE54-9A1E7A4F7556}") = "AMMS.Notification", "Services\Share\AMMS.Notification\AMMS.Notification.csproj", "{2EB9CCAC-FF96-40C3-A85C-59FDC65E590C}"
EndProject
Project("{9A19103F-16F7-4668-BE54-9A1E7A4F7556}") = "AMMS.ZkAutoPush", "Share\AMMS.ZkAutoPush\AMMS.ZkAutoPush.csproj", "{D1BAA81A-33EA-45F2-A9A2-72A53FDF6AEB}"
EndProject
Project("{2150E333-8FDC-42A3-9474-1A3956D46DE8}") = "Devices", "Devices", "{64FDD6FC-8426-4186-B403-C437030055F7}"
EndProject
Project("{9A19103F-16F7-4668-BE54-9A1E7A4F7556}") = "AMMS.DeviceData", "AMMS.DeviceData\AMMS.DeviceData.csproj", "{8E56E8D0-1A45-42BA-9DC5-D91B5E152C4B}"
EndProject
Project("{9A19103F-16F7-4668-BE54-9A1E7A4F7556}") = "AMMS.Hanet", "AMMS.Hanet\AMMS.Hanet.csproj", "{294F1AC8-68EA-4006-8418-9E435A1422A7}"
EndProject
Project("{2150E333-8FDC-42A3-9474-1A3956D46DE8}") = "VT_SMAS", "VT_SMAS", "{4DC6CD8F-CDD0-47AD-B9CC-04AEFC020D5F}"
EndProject
Project("{FAE04EC0-301F-11D3-BF4B-00C04F79EFBC}") = "AMMS.VIETTEL.SMAS", "AMMS.VIETTEL.SMAS\AMMS.VIETTEL.SMAS.csproj", "{400CECC7-FC94-42AB-A9D9-C95374160264}"
EndProject
Global
	GlobalSection(SolutionConfigurationPlatforms) = preSolution
		Debug|Any CPU = Debug|Any CPU
		Release|Any CPU = Release|Any CPU
	EndGlobalSection
	GlobalSection(ProjectConfigurationPlatforms) = postSolution
		{B5EDB305-0DB7-41A9-87A4-E98EEFA20C2B}.Debug|Any CPU.ActiveCfg = Debug|Any CPU
		{B5EDB305-0DB7-41A9-87A4-E98EEFA20C2B}.Debug|Any CPU.Build.0 = Debug|Any CPU
		{B5EDB305-0DB7-41A9-87A4-E98EEFA20C2B}.Release|Any CPU.ActiveCfg = Release|Any CPU
		{B5EDB305-0DB7-41A9-87A4-E98EEFA20C2B}.Release|Any CPU.Build.0 = Release|Any CPU
		{D57E7D5F-8582-4478-9A11-C7021F4B26AE}.Debug|Any CPU.ActiveCfg = Debug|Any CPU
		{D57E7D5F-8582-4478-9A11-C7021F4B26AE}.Debug|Any CPU.Build.0 = Debug|Any CPU
		{D57E7D5F-8582-4478-9A11-C7021F4B26AE}.Release|Any CPU.ActiveCfg = Release|Any CPU
		{D57E7D5F-8582-4478-9A11-C7021F4B26AE}.Release|Any CPU.Build.0 = Release|Any CPU
		{13088627-45BF-4F44-80AB-7F0C288B3DED}.Debug|Any CPU.ActiveCfg = Debug|Any CPU
		{13088627-45BF-4F44-80AB-7F0C288B3DED}.Debug|Any CPU.Build.0 = Debug|Any CPU
		{13088627-45BF-4F44-80AB-7F0C288B3DED}.Release|Any CPU.ActiveCfg = Release|Any CPU
		{13088627-45BF-4F44-80AB-7F0C288B3DED}.Release|Any CPU.Build.0 = Release|Any CPU
		{3E1A8813-3E94-4125-B876-BFEDE1C01D07}.Debug|Any CPU.ActiveCfg = Debug|Any CPU
		{3E1A8813-3E94-4125-B876-BFEDE1C01D07}.Debug|Any CPU.Build.0 = Debug|Any CPU
		{3E1A8813-3E94-4125-B876-BFEDE1C01D07}.Release|Any CPU.ActiveCfg = Release|Any CPU
		{3E1A8813-3E94-4125-B876-BFEDE1C01D07}.Release|Any CPU.Build.0 = Release|Any CPU
		{4D87A78A-26F4-49EF-B136-2F8B9AAED50F}.Debug|Any CPU.ActiveCfg = Debug|Any CPU
		{4D87A78A-26F4-49EF-B136-2F8B9AAED50F}.Debug|Any CPU.Build.0 = Debug|Any CPU
		{4D87A78A-26F4-49EF-B136-2F8B9AAED50F}.Release|Any CPU.ActiveCfg = Release|Any CPU
		{4D87A78A-26F4-49EF-B136-2F8B9AAED50F}.Release|Any CPU.Build.0 = Release|Any CPU
		{A1A03B29-88BC-44E2-815E-26E3FB9C9181}.Debug|Any CPU.ActiveCfg = Debug|Any CPU
		{A1A03B29-88BC-44E2-815E-26E3FB9C9181}.Debug|Any CPU.Build.0 = Debug|Any CPU
		{A1A03B29-88BC-44E2-815E-26E3FB9C9181}.Release|Any CPU.ActiveCfg = Release|Any CPU
		{A1A03B29-88BC-44E2-815E-26E3FB9C9181}.Release|Any CPU.Build.0 = Release|Any CPU
		{C8DA179D-BB75-4A1F-991D-A08BB731EE09}.Debug|Any CPU.ActiveCfg = Debug|Any CPU
		{C8DA179D-BB75-4A1F-991D-A08BB731EE09}.Debug|Any CPU.Build.0 = Debug|Any CPU
		{C8DA179D-BB75-4A1F-991D-A08BB731EE09}.Release|Any CPU.ActiveCfg = Release|Any CPU
		{C8DA179D-BB75-4A1F-991D-A08BB731EE09}.Release|Any CPU.Build.0 = Release|Any CPU
		{6C6F09A0-E288-4029-BC27-B31A3174B59B}.Debug|Any CPU.ActiveCfg = Debug|Any CPU
		{6C6F09A0-E288-4029-BC27-B31A3174B59B}.Debug|Any CPU.Build.0 = Debug|Any CPU
		{6C6F09A0-E288-4029-BC27-B31A3174B59B}.Release|Any CPU.ActiveCfg = Release|Any CPU
		{6C6F09A0-E288-4029-BC27-B31A3174B59B}.Release|Any CPU.Build.0 = Release|Any CPU
		{9202EB42-F311-4834-B4E6-567EA9357B70}.Debug|Any CPU.ActiveCfg = Debug|Any CPU
		{9202EB42-F311-4834-B4E6-567EA9357B70}.Debug|Any CPU.Build.0 = Debug|Any CPU
		{9202EB42-F311-4834-B4E6-567EA9357B70}.Release|Any CPU.ActiveCfg = Release|Any CPU
		{9202EB42-F311-4834-B4E6-567EA9357B70}.Release|Any CPU.Build.0 = Release|Any CPU
		{2EB9CCAC-FF96-40C3-A85C-59FDC65E590C}.Debug|Any CPU.ActiveCfg = Debug|Any CPU
		{2EB9CCAC-FF96-40C3-A85C-59FDC65E590C}.Debug|Any CPU.Build.0 = Debug|Any CPU
		{2EB9CCAC-FF96-40C3-A85C-59FDC65E590C}.Release|Any CPU.ActiveCfg = Release|Any CPU
		{2EB9CCAC-FF96-40C3-A85C-59FDC65E590C}.Release|Any CPU.Build.0 = Release|Any CPU
		{D1BAA81A-33EA-45F2-A9A2-72A53FDF6AEB}.Debug|Any CPU.ActiveCfg = Debug|Any CPU
		{D1BAA81A-33EA-45F2-A9A2-72A53FDF6AEB}.Debug|Any CPU.Build.0 = Debug|Any CPU
		{D1BAA81A-33EA-45F2-A9A2-72A53FDF6AEB}.Release|Any CPU.ActiveCfg = Release|Any CPU
		{D1BAA81A-33EA-45F2-A9A2-72A53FDF6AEB}.Release|Any CPU.Build.0 = Release|Any CPU
		{8E56E8D0-1A45-42BA-9DC5-D91B5E152C4B}.Debug|Any CPU.ActiveCfg = Debug|Any CPU
		{8E56E8D0-1A45-42BA-9DC5-D91B5E152C4B}.Debug|Any CPU.Build.0 = Debug|Any CPU
		{8E56E8D0-1A45-42BA-9DC5-D91B5E152C4B}.Release|Any CPU.ActiveCfg = Release|Any CPU
		{8E56E8D0-1A45-42BA-9DC5-D91B5E152C4B}.Release|Any CPU.Build.0 = Release|Any CPU
		{294F1AC8-68EA-4006-8418-9E435A1422A7}.Debug|Any CPU.ActiveCfg = Debug|Any CPU
		{294F1AC8-68EA-4006-8418-9E435A1422A7}.Debug|Any CPU.Build.0 = Debug|Any CPU
		{294F1AC8-68EA-4006-8418-9E435A1422A7}.Release|Any CPU.ActiveCfg = Release|Any CPU
		{294F1AC8-68EA-4006-8418-9E435A1422A7}.Release|Any CPU.Build.0 = Release|Any CPU
		{400CECC7-FC94-42AB-A9D9-C95374160264}.Debug|Any CPU.ActiveCfg = Debug|Any CPU
		{400CECC7-FC94-42AB-A9D9-C95374160264}.Debug|Any CPU.Build.0 = Debug|Any CPU
		{400CECC7-FC94-42AB-A9D9-C95374160264}.Release|Any CPU.ActiveCfg = Release|Any CPU
		{400CECC7-FC94-42AB-A9D9-C95374160264}.Release|Any CPU.Build.0 = Release|Any CPU
	EndGlobalSection
	GlobalSection(SolutionProperties) = preSolution
		HideSolutionNode = FALSE
	EndGlobalSection
	GlobalSection(NestedProjects) = preSolution
		{B5EDB305-0DB7-41A9-87A4-E98EEFA20C2B} = {2EB7FC7A-FA4E-4E92-BA2B-E3BA4BE217E5}
		{D57E7D5F-8582-4478-9A11-C7021F4B26AE} = {2EB7FC7A-FA4E-4E92-BA2B-E3BA4BE217E5}
		{2EB7FC7A-FA4E-4E92-BA2B-E3BA4BE217E5} = {0FCAF1DA-6661-4633-A51A-4DC51970929E}
		{13088627-45BF-4F44-80AB-7F0C288B3DED} = {0FCAF1DA-6661-4633-A51A-4DC51970929E}
		{3E1A8813-3E94-4125-B876-BFEDE1C01D07} = {0FCAF1DA-6661-4633-A51A-4DC51970929E}
		{81C7D3D9-A666-4A27-A7B5-1FB9FA5814A8} = {B444FF18-1B38-42D7-947D-53A14B7A616E}
		{4D87A78A-26F4-49EF-B136-2F8B9AAED50F} = {81C7D3D9-A666-4A27-A7B5-1FB9FA5814A8}
		{A1A03B29-88BC-44E2-815E-26E3FB9C9181} = {81C7D3D9-A666-4A27-A7B5-1FB9FA5814A8}
		{C8DA179D-BB75-4A1F-991D-A08BB731EE09} = {81C7D3D9-A666-4A27-A7B5-1FB9FA5814A8}
		{6C6F09A0-E288-4029-BC27-B31A3174B59B} = {81C7D3D9-A666-4A27-A7B5-1FB9FA5814A8}
		{9202EB42-F311-4834-B4E6-567EA9357B70} = {0FCAF1DA-6661-4633-A51A-4DC51970929E}
		{2EB9CCAC-FF96-40C3-A85C-59FDC65E590C} = {0FCAF1DA-6661-4633-A51A-4DC51970929E}
		{D1BAA81A-33EA-45F2-A9A2-72A53FDF6AEB} = {64FDD6FC-8426-4186-B403-C437030055F7}
		{64FDD6FC-8426-4186-B403-C437030055F7} = {0FCAF1DA-6661-4633-A51A-4DC51970929E}
		{8E56E8D0-1A45-42BA-9DC5-D91B5E152C4B} = {64FDD6FC-8426-4186-B403-C437030055F7}
		{294F1AC8-68EA-4006-8418-9E435A1422A7} = {64FDD6FC-8426-4186-B403-C437030055F7}
		{4DC6CD8F-CDD0-47AD-B9CC-04AEFC020D5F} = {B444FF18-1B38-42D7-947D-53A14B7A616E}
		{400CECC7-FC94-42AB-A9D9-C95374160264} = {4DC6CD8F-CDD0-47AD-B9CC-04AEFC020D5F}
	EndGlobalSection
	GlobalSection(ExtensibilityGlobals) = postSolution
		SolutionGuid = {8DD3F812-F8BE-4933-9A9C-70B7D436BEF0}
	EndGlobalSection
EndGlobal
