
Microsoft Visual Studio Solution File, Format Version 12.00
# Visual Studio Version 17
VisualStudioVersion = 17.5.002.0
MinimumVisualStudioVersion = 10.0.40219.1
Project("{2150E333-8FDC-42A3-9474-1A3956D46DE8}") = "Server", "Server", "{FA7FC69F-5784-4AC1-A504-853F4B530C1D}"
EndProject
Project("{9A19103F-16F7-4668-BE54-9A1E7A4F7556}") = "Server.Infrastructure", "Server\Server.Infrastructure\Server.Infrastructure.csproj", "{506C98C4-065D-4AD1-BDE0-DC369C06B93C}"
EndProject
Project("{9A19103F-16F7-4668-BE54-9A1E7A4F7556}") = "Server.Application", "Server\Server.Application\Server.Application.csproj", "{3E608C6C-181D-42BF-9414-8B66496DA046}"
EndProject
Project("{9A19103F-16F7-4668-BE54-9A1E7A4F7556}") = "Server.Core", "Server\Server.Core\Server.Core.csproj", "{02BA3D8A-4D99-43DF-AFEE-302F57B652A1}"
EndProject
Project("{9A19103F-16F7-4668-BE54-9A1E7A4F7556}") = "Server.API", "Server\Server.API\Server.API.csproj", "{D4FF4EC7-2320-4C47-9885-4B975E6B8DC5}"
EndProject
Project("{2150E333-8FDC-42A3-9474-1A3956D46DE8}") = "Devices", "Devices", "{90BD60E0-8014-42D5-8DBA-12C4254FA3C9}"
EndProject
Project("{9A19103F-16F7-4668-BE54-9A1E7A4F7556}") = "Device.API", "Devices\Device.API\Device.API.csproj", "{276D7B36-CD59-4C44-9FC9-9C4B8ED4C348}"
EndProject
Project("{9A19103F-16F7-4668-BE54-9A1E7A4F7556}") = "Device.Application", "Devices\Device.Application\Device.Application.csproj", "{A802D275-4148-4A4D-848F-DF28733C20F8}"
EndProject
Project("{9A19103F-16F7-4668-BE54-9A1E7A4F7556}") = "Device.Core", "Devices\Device.Core\Device.Core.csproj", "{E690D36A-0590-4F32-971C-390D96C23EC8}"
EndProject
Project("{9A19103F-16F7-4668-BE54-9A1E7A4F7556}") = "Device.Infrastructure", "Devices\Device.Infrastructure\Device.Infrastructure.csproj", "{347F9054-85E9-4501-8B92-B261E1270AC7}"
EndProject
Project("{2150E333-8FDC-42A3-9474-1A3956D46DE8}") = "Share", "Share", "{C298A193-F98E-4DC5-9889-7DCF37B32009}"
EndProject
Project("{9A19103F-16F7-4668-BE54-9A1E7A4F7556}") = "EventBus.Messages", "Share\EventBus.Messages\EventBus.Messages.csproj", "{B99CB224-3B2D-43CC-A2ED-CC1284F5B3AB}"
EndProject
Project("{9A19103F-16F7-4668-BE54-9A1E7A4F7556}") = "Share.WebApp", "Share\Share.WebApp\Share.WebApp.csproj", "{F086AD47-8264-405C-AEE9-4B31653F8314}"
EndProject
Project("{9A19103F-16F7-4668-BE54-9A1E7A4F7556}") = "Shared.Core", "Share\Shared.Core\Shared.Core.csproj", "{FD50D1F9-48B5-4FAB-BE04-F5E116F85F8A}"
EndProject
Project("{2150E333-8FDC-42A3-9474-1A3956D46DE8}") = "IdentityServer4", "IdentityServer4", "{B6C54105-797C-484C-87B0-ACD357E3F884}"
EndProject
Project("{9A19103F-16F7-4668-BE54-9A1E7A4F7556}") = "IdentityServer4.EntityFramework.Storage", "Share\IdentityServer4\IdentityServer4.EntityFramework.Storage\IdentityServer4.EntityFramework.Storage.csproj", "{DF48182E-F4D7-43FC-9606-47467D1E47DC}"
EndProject
Project("{9A19103F-16F7-4668-BE54-9A1E7A4F7556}") = "IdentityServer4.EntityFramework", "Share\IdentityServer4\IdentityServer4.EntityFramework\IdentityServer4.EntityFramework.csproj", "{EEDB7A08-BC05-497A-8098-30FAFB2898F6}"
EndProject
Global
	GlobalSection(SolutionConfigurationPlatforms) = preSolution
		Debug|Any CPU = Debug|Any CPU
		Release|Any CPU = Release|Any CPU
	EndGlobalSection
	GlobalSection(ProjectConfigurationPlatforms) = postSolution
		{506C98C4-065D-4AD1-BDE0-DC369C06B93C}.Debug|Any CPU.ActiveCfg = Debug|Any CPU
		{506C98C4-065D-4AD1-BDE0-DC369C06B93C}.Debug|Any CPU.Build.0 = Debug|Any CPU
		{506C98C4-065D-4AD1-BDE0-DC369C06B93C}.Release|Any CPU.ActiveCfg = Release|Any CPU
		{506C98C4-065D-4AD1-BDE0-DC369C06B93C}.Release|Any CPU.Build.0 = Release|Any CPU
		{3E608C6C-181D-42BF-9414-8B66496DA046}.Debug|Any CPU.ActiveCfg = Debug|Any CPU
		{3E608C6C-181D-42BF-9414-8B66496DA046}.Debug|Any CPU.Build.0 = Debug|Any CPU
		{3E608C6C-181D-42BF-9414-8B66496DA046}.Release|Any CPU.ActiveCfg = Release|Any CPU
		{3E608C6C-181D-42BF-9414-8B66496DA046}.Release|Any CPU.Build.0 = Release|Any CPU
		{02BA3D8A-4D99-43DF-AFEE-302F57B652A1}.Debug|Any CPU.ActiveCfg = Debug|Any CPU
		{02BA3D8A-4D99-43DF-AFEE-302F57B652A1}.Debug|Any CPU.Build.0 = Debug|Any CPU
		{02BA3D8A-4D99-43DF-AFEE-302F57B652A1}.Release|Any CPU.ActiveCfg = Release|Any CPU
		{02BA3D8A-4D99-43DF-AFEE-302F57B652A1}.Release|Any CPU.Build.0 = Release|Any CPU
		{D4FF4EC7-2320-4C47-9885-4B975E6B8DC5}.Debug|Any CPU.ActiveCfg = Debug|Any CPU
		{D4FF4EC7-2320-4C47-9885-4B975E6B8DC5}.Debug|Any CPU.Build.0 = Debug|Any CPU
		{D4FF4EC7-2320-4C47-9885-4B975E6B8DC5}.Release|Any CPU.ActiveCfg = Release|Any CPU
		{D4FF4EC7-2320-4C47-9885-4B975E6B8DC5}.Release|Any CPU.Build.0 = Release|Any CPU
		{276D7B36-CD59-4C44-9FC9-9C4B8ED4C348}.Debug|Any CPU.ActiveCfg = Debug|Any CPU
		{276D7B36-CD59-4C44-9FC9-9C4B8ED4C348}.Debug|Any CPU.Build.0 = Debug|Any CPU
		{276D7B36-CD59-4C44-9FC9-9C4B8ED4C348}.Release|Any CPU.ActiveCfg = Release|Any CPU
		{276D7B36-CD59-4C44-9FC9-9C4B8ED4C348}.Release|Any CPU.Build.0 = Release|Any CPU
		{A802D275-4148-4A4D-848F-DF28733C20F8}.Debug|Any CPU.ActiveCfg = Debug|Any CPU
		{A802D275-4148-4A4D-848F-DF28733C20F8}.Debug|Any CPU.Build.0 = Debug|Any CPU
		{A802D275-4148-4A4D-848F-DF28733C20F8}.Release|Any CPU.ActiveCfg = Release|Any CPU
		{A802D275-4148-4A4D-848F-DF28733C20F8}.Release|Any CPU.Build.0 = Release|Any CPU
		{E690D36A-0590-4F32-971C-390D96C23EC8}.Debug|Any CPU.ActiveCfg = Debug|Any CPU
		{E690D36A-0590-4F32-971C-390D96C23EC8}.Debug|Any CPU.Build.0 = Debug|Any CPU
		{E690D36A-0590-4F32-971C-390D96C23EC8}.Release|Any CPU.ActiveCfg = Release|Any CPU
		{E690D36A-0590-4F32-971C-390D96C23EC8}.Release|Any CPU.Build.0 = Release|Any CPU
		{347F9054-85E9-4501-8B92-B261E1270AC7}.Debug|Any CPU.ActiveCfg = Debug|Any CPU
		{347F9054-85E9-4501-8B92-B261E1270AC7}.Debug|Any CPU.Build.0 = Debug|Any CPU
		{347F9054-85E9-4501-8B92-B261E1270AC7}.Release|Any CPU.ActiveCfg = Release|Any CPU
		{347F9054-85E9-4501-8B92-B261E1270AC7}.Release|Any CPU.Build.0 = Release|Any CPU
		{B99CB224-3B2D-43CC-A2ED-CC1284F5B3AB}.Debug|Any CPU.ActiveCfg = Debug|Any CPU
		{B99CB224-3B2D-43CC-A2ED-CC1284F5B3AB}.Debug|Any CPU.Build.0 = Debug|Any CPU
		{B99CB224-3B2D-43CC-A2ED-CC1284F5B3AB}.Release|Any CPU.ActiveCfg = Release|Any CPU
		{B99CB224-3B2D-43CC-A2ED-CC1284F5B3AB}.Release|Any CPU.Build.0 = Release|Any CPU
		{F086AD47-8264-405C-AEE9-4B31653F8314}.Debug|Any CPU.ActiveCfg = Debug|Any CPU
		{F086AD47-8264-405C-AEE9-4B31653F8314}.Debug|Any CPU.Build.0 = Debug|Any CPU
		{F086AD47-8264-405C-AEE9-4B31653F8314}.Release|Any CPU.ActiveCfg = Release|Any CPU
		{F086AD47-8264-405C-AEE9-4B31653F8314}.Release|Any CPU.Build.0 = Release|Any CPU
		{FD50D1F9-48B5-4FAB-BE04-F5E116F85F8A}.Debug|Any CPU.ActiveCfg = Debug|Any CPU
		{FD50D1F9-48B5-4FAB-BE04-F5E116F85F8A}.Debug|Any CPU.Build.0 = Debug|Any CPU
		{FD50D1F9-48B5-4FAB-BE04-F5E116F85F8A}.Release|Any CPU.ActiveCfg = Release|Any CPU
		{FD50D1F9-48B5-4FAB-BE04-F5E116F85F8A}.Release|Any CPU.Build.0 = Release|Any CPU
		{DF48182E-F4D7-43FC-9606-47467D1E47DC}.Debug|Any CPU.ActiveCfg = Debug|Any CPU
		{DF48182E-F4D7-43FC-9606-47467D1E47DC}.Debug|Any CPU.Build.0 = Debug|Any CPU
		{DF48182E-F4D7-43FC-9606-47467D1E47DC}.Release|Any CPU.ActiveCfg = Release|Any CPU
		{DF48182E-F4D7-43FC-9606-47467D1E47DC}.Release|Any CPU.Build.0 = Release|Any CPU
		{EEDB7A08-BC05-497A-8098-30FAFB2898F6}.Debug|Any CPU.ActiveCfg = Debug|Any CPU
		{EEDB7A08-BC05-497A-8098-30FAFB2898F6}.Debug|Any CPU.Build.0 = Debug|Any CPU
		{EEDB7A08-BC05-497A-8098-30FAFB2898F6}.Release|Any CPU.ActiveCfg = Release|Any CPU
		{EEDB7A08-BC05-497A-8098-30FAFB2898F6}.Release|Any CPU.Build.0 = Release|Any CPU
	EndGlobalSection
	GlobalSection(SolutionProperties) = preSolution
		HideSolutionNode = FALSE
	EndGlobalSection
	GlobalSection(NestedProjects) = preSolution
		{506C98C4-065D-4AD1-BDE0-DC369C06B93C} = {FA7FC69F-5784-4AC1-A504-853F4B530C1D}
		{3E608C6C-181D-42BF-9414-8B66496DA046} = {FA7FC69F-5784-4AC1-A504-853F4B530C1D}
		{02BA3D8A-4D99-43DF-AFEE-302F57B652A1} = {FA7FC69F-5784-4AC1-A504-853F4B530C1D}
		{D4FF4EC7-2320-4C47-9885-4B975E6B8DC5} = {FA7FC69F-5784-4AC1-A504-853F4B530C1D}
		{276D7B36-CD59-4C44-9FC9-9C4B8ED4C348} = {90BD60E0-8014-42D5-8DBA-12C4254FA3C9}
		{A802D275-4148-4A4D-848F-DF28733C20F8} = {90BD60E0-8014-42D5-8DBA-12C4254FA3C9}
		{E690D36A-0590-4F32-971C-390D96C23EC8} = {90BD60E0-8014-42D5-8DBA-12C4254FA3C9}
		{347F9054-85E9-4501-8B92-B261E1270AC7} = {90BD60E0-8014-42D5-8DBA-12C4254FA3C9}
		{B99CB224-3B2D-43CC-A2ED-CC1284F5B3AB} = {C298A193-F98E-4DC5-9889-7DCF37B32009}
		{F086AD47-8264-405C-AEE9-4B31653F8314} = {C298A193-F98E-4DC5-9889-7DCF37B32009}
		{FD50D1F9-48B5-4FAB-BE04-F5E116F85F8A} = {C298A193-F98E-4DC5-9889-7DCF37B32009}
		{B6C54105-797C-484C-87B0-ACD357E3F884} = {C298A193-F98E-4DC5-9889-7DCF37B32009}
		{DF48182E-F4D7-43FC-9606-47467D1E47DC} = {B6C54105-797C-484C-87B0-ACD357E3F884}
		{EEDB7A08-BC05-497A-8098-30FAFB2898F6} = {B6C54105-797C-484C-87B0-ACD357E3F884}
	EndGlobalSection
	GlobalSection(ExtensibilityGlobals) = postSolution
		SolutionGuid = {6C63F94B-7411-41AC-A48B-3BE02FD7B602}
	EndGlobalSection
EndGlobal
